PATH
  remote: ../
  specs:
    gettext_i18n_rails (1.7.2)
      fast_gettext (>= 0.9.0)

GEM
  remote: https://rubygems.org/
  specs:
    actionmailer (2.3.18)
      actionpack (= 2.3.18)
    actionpack (2.3.18)
      activesupport (= 2.3.18)
      rack (~> 1.1.0)
    activerecord (2.3.18)
      activesupport (= 2.3.18)
    activeresource (2.3.18)
      activesupport (= 2.3.18)
    activesupport (2.3.18)
    bump (0.5.3)
    diff-lcs (1.2.5)
    fast_gettext (1.2.0)
    gettext (3.2.2)
      locale (>= 2.0.5)
      text (>= 1.3.0)
    haml (3.1.8)
    locale (2.1.2)
    rack (1.1.6)
    rails (2.3.18)
      actionmailer (= 2.3.18)
      actionpack (= 2.3.18)
      activerecord (= 2.3.18)
      activeresource (= 2.3.18)
      activesupport (= 2.3.18)
      rake (>= 0.8.3)
    rake (11.2.2)
    rspec (3.5.0)
      rspec-core (~> 3.5.0)
      rspec-expectations (~> 3.5.0)
      rspec-mocks (~> 3.5.0)
    rspec-core (3.5.2)
      rspec-support (~> 3.5.0)
    rspec-expectations (3.5.0)
      diff-lcs (>= 1.2.0, < 2.0)
      rspec-support (~> 3.5.0)
    rspec-mocks (3.5.0)
      diff-lcs (>= 1.2.0, < 2.0)
      rspec-support (~> 3.5.0)
    rspec-support (3.5.0)
    ruby_parser (3.8.2)
      sexp_processor (~> 4.1)
    sexp_processor (4.7.0)
    slim (3.0.7)
      temple (~> 0.7.6)
      tilt (>= 1.3.3, < 2.1)
    sqlite3 (1.3.11)
    temple (0.7.7)
    text (1.3.1)
    tilt (2.0.5)
    wwtd (1.3.0)

PLATFORMS
  ruby

DEPENDENCIES
  bump
  gettext (>= 3.0.2)
  gettext_i18n_rails!
  haml (~> 3.0)
  rails (~> 2.3.18)
  rake
  rspec
  ruby_parser (>= 3.7.1)
  sexp_processor
  slim
  sqlite3
  wwtd

BUNDLED WITH
   1.12.5
